
Microsoft Visual Studio Solution File, Format Version 12.00
# Visual Studio Version 17
VisualStudioVersion = 17.14.36127.28
MinimumVisualStudioVersion = 10.0.40219.1
Project("{FAE04EC0-301F-11D3-BF4B-00C04F79EFBC}") = "NativoChallenge.Domain", "src\NativoChallenge.Domain\NativoChallenge.Domain.csproj", "{A6E687DC-07B8-8919-D519-FD2C0793E0EC}"
EndProject
Project("{FAE04EC0-301F-11D3-BF4B-00C04F79EFBC}") = "NativoChallenge.Application", "src\NativoChallenge.Application\NativoChallenge.Application.csproj", "{C779DEBD-DDCE-ADE6-76EE-E04FB1D3B376}"
EndProject
Project("{FAE04EC0-301F-11D3-BF4B-00C04F79EFBC}") = "NativoChallenge.Infrastructure", "src\NativoChallenge.Infrastructure\NativoChallenge.Infrastructure.csproj", "{ED9A1C2C-77BA-9BCD-CD28-AD977525D0F2}"
EndProject
Project("{FAE04EC0-301F-11D3-BF4B-00C04F79EFBC}") = "NativoChallenge.WebAPI", "src\NativoChallenge.WebAPI\NativoChallenge.WebAPI.csproj", "{6D48588D-2375-6307-5B12-E6AF8B8DF108}"
EndProject
Project("{FAE04EC0-301F-11D3-BF4B-00C04F79EFBC}") = "NativoChallenge.UnitTests", "tests\NativoChallenge.UnitTests\NativoChallenge.UnitTests.csproj", "{928D3115-EB8A-8ADF-4925-FF66954783EE}"
EndProject
Project("{FAE04EC0-301F-11D3-BF4B-00C04F79EFBC}") = "NativoChallenge.IntegrationTests", "tests\NativoChallenge.IntegrationTests\NativoChallenge.IntegrationTests.csproj", "{FD9EAA1E-3129-3C76-F188-C879BD0A56D3}"
EndProject
Project("{2150E333-8FDC-42A3-9474-1A3956D46DE8}") = "Solution Items", "Solution Items", "{8EC462FD-D22E-90A8-E5CE-7E832BA40C5D}"
	ProjectSection(SolutionItems) = preProject
		README.md = README.md
	EndProjectSection
EndProject
Project("{2150E333-8FDC-42A3-9474-1A3956D46DE8}") = "tests", "tests", "{02EA681E-C7D8-13C7-8484-4AC65E1B71E8}"
EndProject
Global
	GlobalSection(SolutionConfigurationPlatforms) = preSolution
		Debug|Any CPU = Debug|Any CPU
		Release|Any CPU = Release|Any CPU
	EndGlobalSection
	GlobalSection(ProjectConfigurationPlatforms) = postSolution
		{A6E687DC-07B8-8919-D519-FD2C0793E0EC}.Debug|Any CPU.ActiveCfg = Debug|Any CPU
		{A6E687DC-07B8-8919-D519-FD2C0793E0EC}.Debug|Any CPU.Build.0 = Debug|Any CPU
		{A6E687DC-07B8-8919-D519-FD2C0793E0EC}.Release|Any CPU.ActiveCfg = Release|Any CPU
		{A6E687DC-07B8-8919-D519-FD2C0793E0EC}.Release|Any CPU.Build.0 = Release|Any CPU
		{C779DEBD-DDCE-ADE6-76EE-E04FB1D3B376}.Debug|Any CPU.ActiveCfg = Debug|Any CPU
		{C779DEBD-DDCE-ADE6-76EE-E04FB1D3B376}.Debug|Any CPU.Build.0 = Debug|Any CPU
		{C779DEBD-DDCE-ADE6-76EE-E04FB1D3B376}.Release|Any CPU.ActiveCfg = Release|Any CPU
		{C779DEBD-DDCE-ADE6-76EE-E04FB1D3B376}.Release|Any CPU.Build.0 = Release|Any CPU
		{ED9A1C2C-77BA-9BCD-CD28-AD977525D0F2}.Debug|Any CPU.ActiveCfg = Debug|Any CPU
		{ED9A1C2C-77BA-9BCD-CD28-AD977525D0F2}.Debug|Any CPU.Build.0 = Debug|Any CPU
		{ED9A1C2C-77BA-9BCD-CD28-AD977525D0F2}.Release|Any CPU.ActiveCfg = Release|Any CPU
		{ED9A1C2C-77BA-9BCD-CD28-AD977525D0F2}.Release|Any CPU.Build.0 = Release|Any CPU
		{6D48588D-2375-6307-5B12-E6AF8B8DF108}.Debug|Any CPU.ActiveCfg = Debug|Any CPU
		{6D48588D-2375-6307-5B12-E6AF8B8DF108}.Debug|Any CPU.Build.0 = Debug|Any CPU
		{6D48588D-2375-6307-5B12-E6AF8B8DF108}.Release|Any CPU.ActiveCfg = Release|Any CPU
		{6D48588D-2375-6307-5B12-E6AF8B8DF108}.Release|Any CPU.Build.0 = Release|Any CPU
		{928D3115-EB8A-8ADF-4925-FF66954783EE}.Debug|Any CPU.ActiveCfg = Debug|Any CPU
		{928D3115-EB8A-8ADF-4925-FF66954783EE}.Debug|Any CPU.Build.0 = Debug|Any CPU
		{928D3115-EB8A-8ADF-4925-FF66954783EE}.Release|Any CPU.ActiveCfg = Release|Any CPU
		{928D3115-EB8A-8ADF-4925-FF66954783EE}.Release|Any CPU.Build.0 = Release|Any CPU
		{FD9EAA1E-3129-3C76-F188-C879BD0A56D3}.Debug|Any CPU.ActiveCfg = Debug|Any CPU
		{FD9EAA1E-3129-3C76-F188-C879BD0A56D3}.Debug|Any CPU.Build.0 = Debug|Any CPU
		{FD9EAA1E-3129-3C76-F188-C879BD0A56D3}.Release|Any CPU.ActiveCfg = Release|Any CPU
		{FD9EAA1E-3129-3C76-F188-C879BD0A56D3}.Release|Any CPU.Build.0 = Release|Any CPU
	EndGlobalSection
	GlobalSection(SolutionProperties) = preSolution
		HideSolutionNode = FALSE
	EndGlobalSection
	GlobalSection(NestedProjects) = preSolution
		{928D3115-EB8A-8ADF-4925-FF66954783EE} = {02EA681E-C7D8-13C7-8484-4AC65E1B71E8}
		{FD9EAA1E-3129-3C76-F188-C879BD0A56D3} = {02EA681E-C7D8-13C7-8484-4AC65E1B71E8}
	EndGlobalSection
	GlobalSection(ExtensibilityGlobals) = postSolution
		SolutionGuid = {FF8E40F5-46FC-463B-9961-7CFA93C292AE}
	EndGlobalSection
EndGlobal
